
Microsoft Visual Studio Solution File, Format Version 12.00
# Visual Studio Version 17
VisualStudioVersion = 17.13.35919.96 d17.13
MinimumVisualStudioVersion = 10.0.40219.1
Project("{FAE04EC0-301F-11D3-BF4B-00C04F79EFBC}") = "academic_assignment_and_recording_app", "academic_assignment_and_recording_app\academic_assignment_and_recording_app.csproj", "{A8B3EC54-2186-4B2E-A24B-76CE68D83E32}"
EndProject
Global
	GlobalSection(SolutionConfigurationPlatforms) = preSolution
		Debug|Any CPU = Debug|Any CPU
		Release|Any CPU = Release|Any CPU
	EndGlobalSection
	GlobalSection(ProjectConfigurationPlatforms) = postSolution
		{A8B3EC54-2186-4B2E-A24B-76CE68D83E32}.Debug|Any CPU.ActiveCfg = Debug|Any CPU
		{A8B3EC54-2186-4B2E-A24B-76CE68D83E32}.Debug|Any CPU.Build.0 = Debug|Any CPU
		{A8B3EC54-2186-4B2E-A24B-76CE68D83E32}.Release|Any CPU.ActiveCfg = Release|Any CPU
		{A8B3EC54-2186-4B2E-A24B-76CE68D83E32}.Release|Any CPU.Build.0 = Release|Any CPU
	EndGlobalSection
	GlobalSection(SolutionProperties) = preSolution
		HideSolutionNode = FALSE
	EndGlobalSection
	GlobalSection(ExtensibilityGlobals) = postSolution
		SolutionGuid = {B2FA883C-6B52-497B-8759-69EF69A2E73D}
	EndGlobalSection
EndGlobal
